
Microsoft Visual Studio Solution File, Format Version 12.00
# Visual Studio 15
Project("{FAE04EC0-301F-11D3-BF4B-00C04F79EFBC}") = "Assembly-CSharp", "Assembly-CSharp.csproj", "{77D8B54F-033F-8596-2855-3EB846ADF040}"
EndProject
Project("{FAE04EC0-301F-11D3-BF4B-00C04F79EFBC}") = "Assembly-CSharp-Editor", "Assembly-CSharp-Editor.csproj", "{811645CF-20B8-9299-0B30-9B6E1600842F}"
EndProject
Global
	GlobalSection(SolutionConfigurationPlatforms) = preSolution
		Debug|Any CPU = Debug|Any CPU
		Release|Any CPU = Release|Any CPU
	EndGlobalSection
	GlobalSection(ProjectConfigurationPlatforms) = postSolution
		{77D8B54F-033F-8596-2855-3EB846ADF040}.Debug|Any CPU.ActiveCfg = Debug|Any CPU
		{77D8B54F-033F-8596-2855-3EB846ADF040}.Debug|Any CPU.Build.0 = Debug|Any CPU
		{77D8B54F-033F-8596-2855-3EB846ADF040}.Release|Any CPU.ActiveCfg = Release|Any CPU
		{77D8B54F-033F-8596-2855-3EB846ADF040}.Release|Any CPU.Build.0 = Release|Any CPU
		{811645CF-20B8-9299-0B30-9B6E1600842F}.Debug|Any CPU.ActiveCfg = Debug|Any CPU
		{811645CF-20B8-9299-0B30-9B6E1600842F}.Debug|Any CPU.Build.0 = Debug|Any CPU
		{811645CF-20B8-9299-0B30-9B6E1600842F}.Release|Any CPU.ActiveCfg = Release|Any CPU
		{811645CF-20B8-9299-0B30-9B6E1600842F}.Release|Any CPU.Build.0 = Release|Any CPU
	EndGlobalSection
	GlobalSection(SolutionProperties) = preSolution
		HideSolutionNode = FALSE
	EndGlobalSection
EndGlobal
